{
  "name": "@conduction/theme",
  "version": "1.1.10",
  "lockfileVersion": 3,
  "requires": true,
  "packages": {
    "": {
      "name": "@conduction/theme",
      "version": "1.1.10",
      "license": "ISC",
      "dependencies": {
        "@nl-design-system-unstable/rotterdam-design-tokens": "^1.0.0-alpha.100"
      }
    },
    "node_modules/@nl-design-system-unstable/rotterdam-design-tokens": {
      "version": "1.0.0-alpha.111",
      "resolved": "https://registry.npmjs.org/@nl-design-system-unstable/rotterdam-design-tokens/-/rotterdam-design-tokens-1.0.0-alpha.111.tgz",
      "integrity": "sha512-jxW0tI/vXOevEBsMbS6/liJvI8jueOSjCApSdW58LU7QvT0g9T47Bd++eqU9jiPOSNXQJ/nq810MEfz8ohkg9A=="
    }
  }
}
